// !$*UTF8*$!
{
	archiveVersion = 1;
	classes = {
	};
	objectVersion = 55;
	objects = {

/* Begin PBXBuildFile section */
		C88244F6AFA475C018BD2AAB /* Pods_EasyBackgroundRefreshDemo.framework in Frameworks */ = {isa = PBXBuildFile; fileRef = CA926A89A76AF802740732F4 /* Pods_EasyBackgroundRefreshDemo.framework */; };
		DCDE9E9228AA4B700069CC06 /* EasyBackgroundRefreshDemoApp.swift in Sources */ = {isa = PBXBuildFile; fileRef = DCDE9E9128AA4B700069CC06 /* EasyBackgroundRefreshDemoApp.swift */; };
		DCDE9E9428AA4B700069CC06 /* ContentView.swift in Sources */ = {isa = PBXBuildFile; fileRef = DCDE9E9328AA4B700069CC06 /* ContentView.swift */; };
		DCDE9E9628AA4B710069CC06 /* Assets.xcassets in Resources */ = {isa = PBXBuildFile; fileRef = DCDE9E9528AA4B710069CC06 /* Assets.xcassets */; };
		DCDE9E9928AA4B710069CC06 /* Preview Assets.xcassets in Resources */ = {isa = PBXBuildFile; fileRef = DCDE9E9828AA4B710069CC06 /* Preview Assets.xcassets */; };
/* End PBXBuildFile section */

/* Begin PBXFileReference section */
		106020F30BD973B7C0A33CC6 /* Pods-EasyBackgroundRefreshDemo.debug.xcconfig */ = {isa = PBXFileReference; includeInIndex = 1; lastKnownFileType = text.xcconfig; name = "Pods-EasyBackgroundRefreshDemo.debug.xcconfig"; path = "Target Support Files/Pods-EasyBackgroundRefreshDemo/Pods-EasyBackgroundRefreshDemo.debug.xcconfig"; sourceTree = "<group>"; };
		A23DC38B0C8D3274488D2019 /* Pods-EasyBackgroundRefreshDemo.release.xcconfig */ = {isa = PBXFileReference; includeInIndex = 1; lastKnownFileType = text.xcconfig; name = "Pods-EasyBackgroundRefreshDemo.release.xcconfig"; path = "Target Support Files/Pods-EasyBackgroundRefreshDemo/Pods-EasyBackgroundRefreshDemo.release.xcconfig"; sourceTree = "<group>"; };
		CA926A89A76AF802740732F4 /* Pods_EasyBackgroundRefreshDemo.framework */ = {isa = PBXFileReference; explicitFileType = wrapper.framework; includeInIndex = 0; path = Pods_EasyBackgroundRefreshDemo.framework; sourceTree = BUILT_PRODUCTS_DIR; };
		DCDE9E8E28AA4B700069CC06 /* EasyBackgroundRefreshDemo.app */ = {isa = PBXFileReference; explicitFileType = wrapper.application; includeInIndex = 0; path = EasyBackgroundRefreshDemo.app; sourceTree = BUILT_PRODUCTS_DIR; };
		DCDE9E9128AA4B700069CC06 /* EasyBackgroundRefreshDemoApp.swift */ = {isa = PBXFileReference; lastKnownFileType = sourcecode.swift; path = EasyBackgroundRefreshDemoApp.swift; sourceTree = "<group>"; };
		DCDE9E9328AA4B700069CC06 /* ContentView.swift */ = {isa = PBXFileReference; lastKnownFileType = sourcecode.swift; path = ContentView.swift; sourceTree = "<group>"; };
		DCDE9E9528AA4B710069CC06 /* Assets.xcassets */ = {isa = PBXFileReference; lastKnownFileType = folder.assetcatalog; path = Assets.xcassets; sourceTree = "<group>"; };
		DCDE9E9828AA4B710069CC06 /* Preview Assets.xcassets */ = {isa = PBXFileReference; lastKnownFileType = folder.assetcatalog; path = "Preview Assets.xcassets"; sourceTree = "<group>"; };
		DCDE9E9F28AA4CBB0069CC06 /* Info.plist */ = {isa = PBXFileReference; lastKnownFileType = text.plist; path = Info.plist; sourceTree = "<group>"; };
/* End PBXFileReference section */

/* Begin PBXFrameworksBuildPhase section */
		DCDE9E8B28AA4B700069CC06 /* Frameworks */ = {
			isa = PBXFrameworksBuildPhase;
			buildActionMask = 2147483647;
			files = (
				C88244F6AFA475C018BD2AAB /* Pods_EasyBackgroundRefreshDemo.framework in Frameworks */,
			);
			runOnlyForDeploymentPostprocessing = 0;
		};
/* End PBXFrameworksBuildPhase section */

/* Begin PBXGroup section */
		135F3C699431DE7CD0BD213D /* Pods */ = {
			isa = PBXGroup;
			children = (
				106020F30BD973B7C0A33CC6 /* Pods-EasyBackgroundRefreshDemo.debug.xcconfig */,
				A23DC38B0C8D3274488D2019 /* Pods-EasyBackgroundRefreshDemo.release.xcconfig */,
			);
			path = Pods;
			sourceTree = "<group>";
		};
		ACA09F193011D79689FF57FC /* Frameworks */ = {
			isa = PBXGroup;
			children = (
				CA926A89A76AF802740732F4 /* Pods_EasyBackgroundRefreshDemo.framework */,
			);
			name = Frameworks;
			sourceTree = "<group>";
		};
		DCDE9E8528AA4B700069CC06 = {
			isa = PBXGroup;
			children = (
				DCDE9E9028AA4B700069CC06 /* EasyBackgroundRefreshDemo */,
				DCDE9E8F28AA4B700069CC06 /* Products */,
				135F3C699431DE7CD0BD213D /* Pods */,
				ACA09F193011D79689FF57FC /* Frameworks */,
			);
			sourceTree = "<group>";
		};
		DCDE9E8F28AA4B700069CC06 /* Products */ = {
			isa = PBXGroup;
			children = (
				DCDE9E8E28AA4B700069CC06 /* EasyBackgroundRefreshDemo.app */,
			);
			name = Products;
			sourceTree = "<group>";
		};
		DCDE9E9028AA4B700069CC06 /* EasyBackgroundRefreshDemo */ = {
			isa = PBXGroup;
			children = (
				DCDE9E9F28AA4CBB0069CC06 /* Info.plist */,
				DCDE9E9128AA4B700069CC06 /* EasyBackgroundRefreshDemoApp.swift */,
				DCDE9E9328AA4B700069CC06 /* ContentView.swift */,
				DCDE9E9528AA4B710069CC06 /* Assets.xcassets */,
				DCDE9E9728AA4B710069CC06 /* Preview Content */,
			);
			path = EasyBackgroundRefreshDemo;
			sourceTree = "<group>";
		};
		DCDE9E9728AA4B710069CC06 /* Preview Content */ = {
			isa = PBXGroup;
			children = (
				DCDE9E9828AA4B710069CC06 /* Preview Assets.xcassets */,
			);
			path = "Preview Content";
			sourceTree = "<group>";
		};
/* End PBXGroup section */

/* Begin PBXNativeTarget section */
		DCDE9E8D28AA4B700069CC06 /* EasyBackgroundRefreshDemo */ = {
			isa = PBXNativeTarget;
			buildConfigurationList = DCDE9E9C28AA4B710069CC06 /* Build configuration list for PBXNativeTarget "EasyBackgroundRefreshDemo" */;
			buildPhases = (
				4392FFB33708667F78EA99F1 /* [CP] Check Pods Manifest.lock */,
				B5B72941BE0873D6AECFFC03 /* [CP-User] SwiftFormat */,
				C1C922CAB0B513C56AE7D507 /* [CP-User] SwiftLintAutocorrect */,
				DCDE9E8A28AA4B700069CC06 /* Sources */,
				DCDE9E8B28AA4B700069CC06 /* Frameworks */,
				DCDE9E8C28AA4B700069CC06 /* Resources */,
				5B5DB97232A405348AB0065B /* [CP] Embed Pods Frameworks */,
				B6D2C6031FDBBC1B006E245B /* [CP-User] SwiftLint */,
			);
			buildRules = (
			);
			dependencies = (
			);
			name = EasyBackgroundRefreshDemo;
			productName = EasyBackgroundRefreshDemo;
			productReference = DCDE9E8E28AA4B700069CC06 /* EasyBackgroundRefreshDemo.app */;
			productType = "com.apple.product-type.application";
		};
/* End PBXNativeTarget section */

/* Begin PBXProject section */
		DCDE9E8628AA4B700069CC06 /* Project object */ = {
			isa = PBXProject;
			attributes = {
				BuildIndependentTargetsInParallel = 1;
				LastSwiftUpdateCheck = 1340;
				LastUpgradeCheck = 1340;
				TargetAttributes = {
					DCDE9E8D28AA4B700069CC06 = {
						CreatedOnToolsVersion = 13.4;
					};
				};
			};
			buildConfigurationList = DCDE9E8928AA4B700069CC06 /* Build configuration list for PBXProject "EasyBackgroundRefreshDemo" */;
			compatibilityVersion = "Xcode 13.0";
			developmentRegion = en;
			hasScannedForEncodings = 0;
			knownRegions = (
				en,
				Base,
			);
			mainGroup = DCDE9E8528AA4B700069CC06;
			productRefGroup = DCDE9E8F28AA4B700069CC06 /* Products */;
			projectDirPath = "";
			projectRoot = "";
			targets = (
				DCDE9E8D28AA4B700069CC06 /* EasyBackgroundRefreshDemo */,
			);
		};
/* End PBXProject section */

/* Begin PBXResourcesBuildPhase section */
		DCDE9E8C28AA4B700069CC06 /* Resources */ = {
			isa = PBXResourcesBuildPhase;
			buildActionMask = 2147483647;
			files = (
				DCDE9E9928AA4B710069CC06 /* Preview Assets.xcassets in Resources */,
				DCDE9E9628AA4B710069CC06 /* Assets.xcassets in Resources */,
			);
			runOnlyForDeploymentPostprocessing = 0;
		};
/* End PBXResourcesBuildPhase section */

/* Begin PBXShellScriptBuildPhase section */
		4392FFB33708667F78EA99F1 /* [CP] Check Pods Manifest.lock */ = {
			isa = PBXShellScriptBuildPhase;
			buildActionMask = 2147483647;
			files = (
			);
			inputFileListPaths = (
			);
			inputPaths = (
				"${PODS_PODFILE_DIR_PATH}/Podfile.lock",
				"${PODS_ROOT}/Manifest.lock",
			);
			name = "[CP] Check Pods Manifest.lock";
			outputFileListPaths = (
			);
			outputPaths = (
				"$(DERIVED_FILE_DIR)/Pods-EasyBackgroundRefreshDemo-checkManifestLockResult.txt",
			);
			runOnlyForDeploymentPostprocessing = 0;
			shellPath = /bin/sh;
			shellScript = "diff \"${PODS_PODFILE_DIR_PATH}/Podfile.lock\" \"${PODS_ROOT}/Manifest.lock\" > /dev/null\nif [ $? != 0 ] ; then\n    # print error to STDERR\n    echo \"error: The sandbox is not in sync with the Podfile.lock. Run 'pod install' or update your CocoaPods installation.\" >&2\n    exit 1\nfi\n# This output is used by Xcode 'outputs' to avoid re-running this script phase.\necho \"SUCCESS\" > \"${SCRIPT_OUTPUT_FILE_0}\"\n";
			showEnvVarsInLog = 0;
		};
		5B5DB97232A405348AB0065B /* [CP] Embed Pods Frameworks */ = {
			isa = PBXShellScriptBuildPhase;
			alwaysOutOfDate = 1;
			buildActionMask = 2147483647;
			files = (
			);
			inputFileListPaths = (
				"${PODS_ROOT}/Target Support Files/Pods-EasyBackgroundRefreshDemo/Pods-EasyBackgroundRefreshDemo-frameworks-${CONFIGURATION}-input-files.xcfilelist",
			);
			name = "[CP] Embed Pods Frameworks";
			outputFileListPaths = (
				"${PODS_ROOT}/Target Support Files/Pods-EasyBackgroundRefreshDemo/Pods-EasyBackgroundRefreshDemo-frameworks-${CONFIGURATION}-output-files.xcfilelist",
			);
			runOnlyForDeploymentPostprocessing = 0;
			shellPath = /bin/sh;
			shellScript = "\"${PODS_ROOT}/Target Support Files/Pods-EasyBackgroundRefreshDemo/Pods-EasyBackgroundRefreshDemo-frameworks.sh\"\n";
			showEnvVarsInLog = 0;
		};
		B5B72941BE0873D6AECFFC03 /* [CP-User] SwiftFormat */ = {
			isa = PBXShellScriptBuildPhase;
			alwaysOutOfDate = 1;
			buildActionMask = 2147483647;
			files = (
			);
			name = "[CP-User] SwiftFormat";
			runOnlyForDeploymentPostprocessing = 0;
			shellPath = /bin/sh;
			shellScript = "if [[ \"Debug\" == \"${CONFIGURATION}\" && ! $ENABLE_PREVIEWS == \"YES\" ]]; then \"${PODS_ROOT}/SwiftFormat/CommandLineTool/swiftformat\" --swiftversion ${SWIFT_VERSION} --config \"${PODS_ROOT}/SwiftQuality/.swiftformat\" \"${SRCROOT}/..\" ; fi";
		};
		B6D2C6031FDBBC1B006E245B /* [CP-User] SwiftLint */ = {
			isa = PBXShellScriptBuildPhase;
			alwaysOutOfDate = 1;
			buildActionMask = 2147483647;
			files = (
			);
			name = "[CP-User] SwiftLint";
			runOnlyForDeploymentPostprocessing = 0;
			shellPath = /bin/sh;
			shellScript = "if [ \"Debug\" == \"${CONFIGURATION}\" && ! $ENABLE_PREVIEWS == \"YES\" ]; then \"${PODS_ROOT}/SwiftLint/swiftlint\" --config \"${PODS_ROOT}/SwiftQuality/.swiftlint.yml\" \"${SRCROOT}/..\" ; fi";
		};
		C1C922CAB0B513C56AE7D507 /* [CP-User] SwiftLintAutocorrect */ = {
			isa = PBXShellScriptBuildPhase;
			alwaysOutOfDate = 1;
			buildActionMask = 2147483647;
			files = (
			);
			name = "[CP-User] SwiftLintAutocorrect";
			runOnlyForDeploymentPostprocessing = 0;
			shellPath = /bin/sh;
			shellScript = "if [[ \"Debug\" == \"${CONFIGURATION}\" && ! $ENABLE_PREVIEWS == \"YES\" ]]; then \"${PODS_ROOT}/SwiftLint/swiftlint\" --fix --config \"${PODS_ROOT}/SwiftQuality/.swiftlint.yml\" \"${SRCROOT}/..\" ; fi";
		};
/* End PBXShellScriptBuildPhase section */

/* Begin PBXSourcesBuildPhase section */
		DCDE9E8A28AA4B700069CC06 /* Sources */ = {
			isa = PBXSourcesBuildPhase;
			buildActionMask = 2147483647;
			files = (
				DCDE9E9428AA4B700069CC06 /* ContentView.swift in Sources */,
				DCDE9E9228AA4B700069CC06 /* EasyBackgroundRefreshDemoApp.swift in Sources */,
			);
			runOnlyForDeploymentPostprocessing = 0;
		};
/* End PBXSourcesBuildPhase section */

/* Begin XCBuildConfiguration section */
		DCDE9E9A28AA4B710069CC06 /* Debug */ = {
			isa = XCBuildConfiguration;
			buildSettings = {
				ALWAYS_SEARCH_USER_PATHS = NO;
				CLANG_ANALYZER_NONNULL = YES;
				CLANG_ANALYZER_NUMBER_OBJECT_CONVERSION = YES_AGGRESSIVE;
				CLANG_CXX_LANGUAGE_STANDARD = "gnu++17";
				CLANG_ENABLE_MODULES = YES;
				CLANG_ENABLE_OBJC_ARC = YES;
				CLANG_ENABLE_OBJC_WEAK = YES;
				CLANG_WARN_BLOCK_CAPTURE_AUTORELEASING = YES;
				CLANG_WARN_BOOL_CONVERSION = YES;
				CLANG_WARN_COMMA = YES;
				CLANG_WARN_CONSTANT_CONVERSION = YES;
				CLANG_WARN_DEPRECATED_OBJC_IMPLEMENTATIONS = YES;
				CLANG_WARN_DIRECT_OBJC_ISA_USAGE = YES_ERROR;
				CLANG_WARN_DOCUMENTATION_COMMENTS = YES;
				CLANG_WARN_EMPTY_BODY = YES;
				CLANG_WARN_ENUM_CONVERSION = YES;
				CLANG_WARN_INFINITE_RECURSION = YES;
				CLANG_WARN_INT_CONVERSION = YES;
				CLANG_WARN_NON_LITERAL_NULL_CONVERSION = YES;
				CLANG_WARN_OBJC_IMPLICIT_RETAIN_SELF = YES;
				CLANG_WARN_OBJC_LITERAL_CONVERSION = YES;
				CLANG_WARN_OBJC_ROOT_CLASS = YES_ERROR;
				CLANG_WARN_QUOTED_INCLUDE_IN_FRAMEWORK_HEADER = YES;
				CLANG_WARN_RANGE_LOOP_ANALYSIS = YES;
				CLANG_WARN_STRICT_PROTOTYPES = YES;
				CLANG_WARN_SUSPICIOUS_MOVE = YES;
				CLANG_WARN_UNGUARDED_AVAILABILITY = YES_AGGRESSIVE;
				CLANG_WARN_UNREACHABLE_CODE = YES;
				CLANG_WARN__DUPLICATE_METHOD_MATCH = YES;
				COPY_PHASE_STRIP = NO;
				DEBUG_INFORMATION_FORMAT = dwarf;
				ENABLE_STRICT_OBJC_MSGSEND = YES;
				ENABLE_TESTABILITY = YES;
				GCC_C_LANGUAGE_STANDARD = gnu11;
				GCC_DYNAMIC_NO_PIC = NO;
				GCC_NO_COMMON_BLOCKS = YES;
				GCC_OPTIMIZATION_LEVEL = 0;
				GCC_PREPROCESSOR_DEFINITIONS = (
					"DEBUG=1",
					"$(inherited)",
				);
				GCC_WARN_64_TO_32_BIT_CONVERSION = YES;
				GCC_WARN_ABOUT_RETURN_TYPE = YES_ERROR;
				GCC_WARN_UNDECLARED_SELECTOR = YES;
				GCC_WARN_UNINITIALIZED_AUTOS = YES_AGGRESSIVE;
				GCC_WARN_UNUSED_FUNCTION = YES;
				GCC_WARN_UNUSED_VARIABLE = YES;
				IPHONEOS_DEPLOYMENT_TARGET = 15.5;
				MTL_ENABLE_DEBUG_INFO = INCLUDE_SOURCE;
				MTL_FAST_MATH = YES;
				ONLY_ACTIVE_ARCH = YES;
				SDKROOT = iphoneos;
				SWIFT_ACTIVE_COMPILATION_CONDITIONS = DEBUG;
				SWIFT_OPTIMIZATION_LEVEL = "-Onone";
			};
			name = Debug;
		};
		DCDE9E9B28AA4B710069CC06 /* Release */ = {
			isa = XCBuildConfiguration;
			buildSettings = {
				ALWAYS_SEARCH_USER_PATHS = NO;
				CLANG_ANALYZER_NONNULL = YES;
				CLANG_ANALYZER_NUMBER_OBJECT_CONVERSION = YES_AGGRESSIVE;
				CLANG_CXX_LANGUAGE_STANDARD = "gnu++17";
				CLANG_ENABLE_MODULES = YES;
				CLANG_ENABLE_OBJC_ARC = YES;
				CLANG_ENABLE_OBJC_WEAK = YES;
				CLANG_WARN_BLOCK_CAPTURE_AUTORELEASING = YES;
				CLANG_WARN_BOOL_CONVERSION = YES;
				CLANG_WARN_COMMA = YES;
				CLANG_WARN_CONSTANT_CONVERSION = YES;
				CLANG_WARN_DEPRECATED_OBJC_IMPLEMENTATIONS = YES;
				CLANG_WARN_DIRECT_OBJC_ISA_USAGE = YES_ERROR;
				CLANG_WARN_DOCUMENTATION_COMMENTS = YES;
				CLANG_WARN_EMPTY_BODY = YES;
				CLANG_WARN_ENUM_CONVERSION = YES;
				CLANG_WARN_INFINITE_RECURSION = YES;
				CLANG_WARN_INT_CONVERSION = YES;
				CLANG_WARN_NON_LITERAL_NULL_CONVERSION = YES;
				CLANG_WARN_OBJC_IMPLICIT_RETAIN_SELF = YES;
				CLANG_WARN_OBJC_LITERAL_CONVERSION = YES;
				CLANG_WARN_OBJC_ROOT_CLASS = YES_ERROR;
				CLANG_WARN_QUOTED_INCLUDE_IN_FRAMEWORK_HEADER = YES;
				CLANG_WARN_RANGE_LOOP_ANALYSIS = YES;
				CLANG_WARN_STRICT_PROTOTYPES = YES;
				CLANG_WARN_SUSPICIOUS_MOVE = YES;
				CLANG_WARN_UNGUARDED_AVAILABILITY = YES_AGGRESSIVE;
				CLANG_WARN_UNREACHABLE_CODE = YES;
				CLANG_WARN__DUPLICATE_METHOD_MATCH = YES;
				COPY_PHASE_STRIP = NO;
				DEBUG_INFORMATION_FORMAT = "dwarf-with-dsym";
				ENABLE_NS_ASSERTIONS = NO;
				ENABLE_STRICT_OBJC_MSGSEND = YES;
				GCC_C_LANGUAGE_STANDARD = gnu11;
				GCC_NO_COMMON_BLOCKS = YES;
				GCC_WARN_64_TO_32_BIT_CONVERSION = YES;
				GCC_WARN_ABOUT_RETURN_TYPE = YES_ERROR;
				GCC_WARN_UNDECLARED_SELECTOR = YES;
				GCC_WARN_UNINITIALIZED_AUTOS = YES_AGGRESSIVE;
				GCC_WARN_UNUSED_FUNCTION = YES;
				GCC_WARN_UNUSED_VARIABLE = YES;
				IPHONEOS_DEPLOYMENT_TARGET = 15.5;
				MTL_ENABLE_DEBUG_INFO = NO;
				MTL_FAST_MATH = YES;
				SDKROOT = iphoneos;
				SWIFT_COMPILATION_MODE = wholemodule;
				SWIFT_OPTIMIZATION_LEVEL = "-O";
				VALIDATE_PRODUCT = YES;
			};
			name = Release;
		};
		DCDE9E9D28AA4B710069CC06 /* Debug */ = {
			isa = XCBuildConfiguration;
			baseConfigurationReference = 106020F30BD973B7C0A33CC6 /* Pods-EasyBackgroundRefreshDemo.debug.xcconfig */;
			buildSettings = {
				ASSETCATALOG_COMPILER_APPICON_NAME = AppIcon;
				ASSETCATALOG_COMPILER_GLOBAL_ACCENT_COLOR_NAME = AccentColor;
				CODE_SIGN_STYLE = Automatic;
				CURRENT_PROJECT_VERSION = 4;
				DEVELOPMENT_ASSET_PATHS = "\"EasyBackgroundRefreshDemo/Preview Content\"";
				DEVELOPMENT_TEAM = UT7SLSWEUX;
				ENABLE_PREVIEWS = YES;
				GENERATE_INFOPLIST_FILE = YES;
				INFOPLIST_FILE = EasyBackgroundRefreshDemo/Info.plist;
				INFOPLIST_KEY_UIApplicationSceneManifest_Generation = YES;
				INFOPLIST_KEY_UIApplicationSupportsIndirectInputEvents = YES;
				INFOPLIST_KEY_UILaunchScreen_Generation = YES;
				INFOPLIST_KEY_UISupportedInterfaceOrientations_iPad = "UIInterfaceOrientationPortrait UIInterfaceOrientationPortraitUpsideDown UIInterfaceOrientationLandscapeLeft UIInterfaceOrientationLandscapeRight";
				INFOPLIST_KEY_UISupportedInterfaceOrientations_iPhone = "UIInterfaceOrientationPortrait UIInterfaceOrientationLandscapeLeft UIInterfaceOrientationLandscapeRight";
				LD_RUNPATH_SEARCH_PATHS = (
					"$(inherited)",
					"@executable_path/Frameworks",
				);
				MARKETING_VERSION = 1.0;
				PRODUCT_BUNDLE_IDENTIFIER = io.yonat.EasyBackgroundRefreshDemo;
				PRODUCT_NAME = "$(TARGET_NAME)";
				SWIFT_EMIT_LOC_STRINGS = YES;
				SWIFT_VERSION = 5.0;
				TARGETED_DEVICE_FAMILY = "1,2";
			};
			name = Debug;
		};
		DCDE9E9E28AA4B710069CC06 /* Release */ = {
			isa = XCBuildConfiguration;
			baseConfigurationReference = A23DC38B0C8D3274488D2019 /* Pods-EasyBackgroundRefreshDemo.release.xcconfig */;
			buildSettings = {
				ASSETCATALOG_COMPILER_APPICON_NAME = AppIcon;
				ASSETCATALOG_COMPILER_GLOBAL_ACCENT_COLOR_NAME = AccentColor;
				CODE_SIGN_STYLE = Automatic;
				CURRENT_PROJECT_VERSION = 4;
				DEVELOPMENT_ASSET_PATHS = "\"EasyBackgroundRefreshDemo/Preview Content\"";
				DEVELOPMENT_TEAM = UT7SLSWEUX;
				ENABLE_PREVIEWS = YES;
				GENERATE_INFOPLIST_FILE = YES;
				INFOPLIST_FILE = EasyBackgroundRefreshDemo/Info.plist;
				INFOPLIST_KEY_UIApplicationSceneManifest_Generation = YES;
				INFOPLIST_KEY_UIApplicationSupportsIndirectInputEvents = YES;
				INFOPLIST_KEY_UILaunchScreen_Generation = YES;
				INFOPLIST_KEY_UISupportedInterfaceOrientations_iPad = "UIInterfaceOrientationPortrait UIInterfaceOrientationPortraitUpsideDown UIInterfaceOrientationLandscapeLeft UIInterfaceOrientationLandscapeRight";
				INFOPLIST_KEY_UISupportedInterfaceOrientations_iPhone = "UIInterfaceOrientationPortrait UIInterfaceOrientationLandscapeLeft UIInterfaceOrientationLandscapeRight";
				LD_RUNPATH_SEARCH_PATHS = (
					"$(inherited)",
					"@executable_path/Frameworks",
				);
				MARKETING_VERSION = 1.0;
				PRODUCT_BUNDLE_IDENTIFIER = io.yonat.EasyBackgroundRefreshDemo;
				PRODUCT_NAME = "$(TARGET_NAME)";
				SWIFT_EMIT_LOC_STRINGS = YES;
				SWIFT_VERSION = 5.0;
				TARGETED_DEVICE_FAMILY = "1,2";
			};
			name = Release;
		};
/* End XCBuildConfiguration section */

/* Begin XCConfigurationList section */
		DCDE9E8928AA4B700069CC06 /* Build configuration list for PBXProject "EasyBackgroundRefreshDemo" */ = {
			isa = XCConfigurationList;
			buildConfigurations = (
				DCDE9E9A28AA4B710069CC06 /* Debug */,
				DCDE9E9B28AA4B710069CC06 /* Release */,
			);
			defaultConfigurationIsVisible = 0;
			defaultConfigurationName = Release;
		};
		DCDE9E9C28AA4B710069CC06 /* Build configuration list for PBXNativeTarget "EasyBackgroundRefreshDemo" */ = {
			isa = XCConfigurationList;
			buildConfigurations = (
				DCDE9E9D28AA4B710069CC06 /* Debug */,
				DCDE9E9E28AA4B710069CC06 /* Release */,
			);
			defaultConfigurationIsVisible = 0;
			defaultConfigurationName = Release;
		};
/* End XCConfigurationList section */
	};
	rootObject = DCDE9E8628AA4B700069CC06 /* Project object */;
}
